// !$*UTF8*$!
{
	archiveVersion = 1;
	classes = {
	};
	objectVersion = 56;
	objects = {

/* Begin PBXBuildFile section */
		93231CD62CB4749100436560 /* LoaderComponent.swift in Sources */ = {isa = PBXBuildFile; fileRef = 93231CD52CB4749100436560 /* LoaderComponent.swift */; };
		93E9AED22CB3CABE006AA91D /* posts.json in Resources */ = {isa = PBXBuildFile; fileRef = 93E9AED12CB3CABE006AA91D /* posts.json */; };
		93E9AED52CB3CB14006AA91D /* PostModel.swift in Sources */ = {isa = PBXBuildFile; fileRef = 93E9AED42CB3CB14006AA91D /* PostModel.swift */; };
		93E9AED82CB3CBDA006AA91D /* PostsViewModel.swift in Sources */ = {isa = PBXBuildFile; fileRef = 93E9AED72CB3CBDA006AA91D /* PostsViewModel.swift */; };
		93E9AEDE2CB3CD3E006AA91D /* PostListComponent.swift in Sources */ = {isa = PBXBuildFile; fileRef = 93E9AEDD2CB3CD3E006AA91D /* PostListComponent.swift */; };
		93E9AEE02CB3CD53006AA91D /* HomeView.swift in Sources */ = {isa = PBXBuildFile; fileRef = 93E9AEDF2CB3CD53006AA91D /* HomeView.swift */; };
		93E9AEE32CB3CE49006AA91D /* PostCardComponent.swift in Sources */ = {isa = PBXBuildFile; fileRef = 93E9AEE22CB3CE49006AA91D /* PostCardComponent.swift */; };
		93E9AEE52CB3CE56006AA91D /* PostCardHeader.swift in Sources */ = {isa = PBXBuildFile; fileRef = 93E9AEE42CB3CE56006AA91D /* PostCardHeader.swift */; };
		93E9AEE72CB3CE63006AA91D /* PostCardBody.swift in Sources */ = {isa = PBXBuildFile; fileRef = 93E9AEE62CB3CE63006AA91D /* PostCardBody.swift */; };
		93E9AEEB2CB3CF76006AA91D /* ViewExtensions.swift in Sources */ = {isa = PBXBuildFile; fileRef = 93E9AEEA2CB3CF76006AA91D /* ViewExtensions.swift */; };
		93E9AEED2CB3CFCD006AA91D /* IntegerExtensions.swift in Sources */ = {isa = PBXBuildFile; fileRef = 93E9AEEC2CB3CFCD006AA91D /* IntegerExtensions.swift */; };
		93E9AEF12CB3D825006AA91D /* StoryCardComponent.swift in Sources */ = {isa = PBXBuildFile; fileRef = 93E9AEF02CB3D825006AA91D /* StoryCardComponent.swift */; };
		93E9AEF32CB3D8F7006AA91D /* StoryListComponent.swift in Sources */ = {isa = PBXBuildFile; fileRef = 93E9AEF22CB3D8F7006AA91D /* StoryListComponent.swift */; };
		93E9AEF52CB3EAC0006AA91D /* ColorExtenstions.swift in Sources */ = {isa = PBXBuildFile; fileRef = 93E9AEF42CB3EAC0006AA91D /* ColorExtenstions.swift */; };
		93E9AEF72CB3F873006AA91D /* TabBarView.swift in Sources */ = {isa = PBXBuildFile; fileRef = 93E9AEF62CB3F873006AA91D /* TabBarView.swift */; };
		93E9AEF92CB3FFD3006AA91D /* ProfileView.swift in Sources */ = {isa = PBXBuildFile; fileRef = 93E9AEF82CB3FFD3006AA91D /* ProfileView.swift */; };
		93FB4FB22CB2CADB00B98F44 /* SociallyApp.swift in Sources */ = {isa = PBXBuildFile; fileRef = 93FB4FB12CB2CADB00B98F44 /* SociallyApp.swift */; };
		93FB4FB42CB2CADB00B98F44 /* ContentView.swift in Sources */ = {isa = PBXBuildFile; fileRef = 93FB4FB32CB2CADB00B98F44 /* ContentView.swift */; };
		93FB4FB62CB2CADD00B98F44 /* Assets.xcassets in Resources */ = {isa = PBXBuildFile; fileRef = 93FB4FB52CB2CADD00B98F44 /* Assets.xcassets */; };
		93FB4FB92CB2CADD00B98F44 /* Preview Assets.xcassets in Resources */ = {isa = PBXBuildFile; fileRef = 93FB4FB82CB2CADD00B98F44 /* Preview Assets.xcassets */; };
/* End PBXBuildFile section */

/* Begin PBXFileReference section */
		93231CD52CB4749100436560 /* LoaderComponent.swift */ = {isa = PBXFileReference; lastKnownFileType = sourcecode.swift; path = LoaderComponent.swift; sourceTree = "<group>"; };
		93E9AED12CB3CABE006AA91D /* posts.json */ = {isa = PBXFileReference; fileEncoding = 4; lastKnownFileType = text.json; path = posts.json; sourceTree = "<group>"; };
		93E9AED42CB3CB14006AA91D /* PostModel.swift */ = {isa = PBXFileReference; lastKnownFileType = sourcecode.swift; path = PostModel.swift; sourceTree = "<group>"; };
		93E9AED72CB3CBDA006AA91D /* PostsViewModel.swift */ = {isa = PBXFileReference; lastKnownFileType = sourcecode.swift; path = PostsViewModel.swift; sourceTree = "<group>"; };
		93E9AEDD2CB3CD3E006AA91D /* PostListComponent.swift */ = {isa = PBXFileReference; lastKnownFileType = sourcecode.swift; path = PostListComponent.swift; sourceTree = "<group>"; };
		93E9AEDF2CB3CD53006AA91D /* HomeView.swift */ = {isa = PBXFileReference; lastKnownFileType = sourcecode.swift; path = HomeView.swift; sourceTree = "<group>"; };
		93E9AEE22CB3CE49006AA91D /* PostCardComponent.swift */ = {isa = PBXFileReference; lastKnownFileType = sourcecode.swift; path = PostCardComponent.swift; sourceTree = "<group>"; };
		93E9AEE42CB3CE56006AA91D /* PostCardHeader.swift */ = {isa = PBXFileReference; lastKnownFileType = sourcecode.swift; path = PostCardHeader.swift; sourceTree = "<group>"; };
		93E9AEE62CB3CE63006AA91D /* PostCardBody.swift */ = {isa = PBXFileReference; lastKnownFileType = sourcecode.swift; path = PostCardBody.swift; sourceTree = "<group>"; };
		93E9AEEA2CB3CF76006AA91D /* ViewExtensions.swift */ = {isa = PBXFileReference; lastKnownFileType = sourcecode.swift; path = ViewExtensions.swift; sourceTree = "<group>"; };
		93E9AEEC2CB3CFCD006AA91D /* IntegerExtensions.swift */ = {isa = PBXFileReference; lastKnownFileType = sourcecode.swift; path = IntegerExtensions.swift; sourceTree = "<group>"; };
		93E9AEF02CB3D825006AA91D /* StoryCardComponent.swift */ = {isa = PBXFileReference; lastKnownFileType = sourcecode.swift; path = StoryCardComponent.swift; sourceTree = "<group>"; };
		93E9AEF22CB3D8F7006AA91D /* StoryListComponent.swift */ = {isa = PBXFileReference; lastKnownFileType = sourcecode.swift; path = StoryListComponent.swift; sourceTree = "<group>"; };
		93E9AEF42CB3EAC0006AA91D /* ColorExtenstions.swift */ = {isa = PBXFileReference; lastKnownFileType = sourcecode.swift; path = ColorExtenstions.swift; sourceTree = "<group>"; };
		93E9AEF62CB3F873006AA91D /* TabBarView.swift */ = {isa = PBXFileReference; lastKnownFileType = sourcecode.swift; path = TabBarView.swift; sourceTree = "<group>"; };
		93E9AEF82CB3FFD3006AA91D /* ProfileView.swift */ = {isa = PBXFileReference; lastKnownFileType = sourcecode.swift; path = ProfileView.swift; sourceTree = "<group>"; };
		93FB4FAE2CB2CADB00B98F44 /* Socially.app */ = {isa = PBXFileReference; explicitFileType = wrapper.application; includeInIndex = 0; path = Socially.app; sourceTree = BUILT_PRODUCTS_DIR; };
		93FB4FB12CB2CADB00B98F44 /* SociallyApp.swift */ = {isa = PBXFileReference; lastKnownFileType = sourcecode.swift; path = SociallyApp.swift; sourceTree = "<group>"; };
		93FB4FB32CB2CADB00B98F44 /* ContentView.swift */ = {isa = PBXFileReference; lastKnownFileType = sourcecode.swift; path = ContentView.swift; sourceTree = "<group>"; };
		93FB4FB52CB2CADD00B98F44 /* Assets.xcassets */ = {isa = PBXFileReference; lastKnownFileType = folder.assetcatalog; path = Assets.xcassets; sourceTree = "<group>"; };
		93FB4FB82CB2CADD00B98F44 /* Preview Assets.xcassets */ = {isa = PBXFileReference; lastKnownFileType = folder.assetcatalog; path = "Preview Assets.xcassets"; sourceTree = "<group>"; };
/* End PBXFileReference section */

/* Begin PBXFrameworksBuildPhase section */
		93FB4FAB2CB2CADB00B98F44 /* Frameworks */ = {
			isa = PBXFrameworksBuildPhase;
			buildActionMask = 2147483647;
			files = (
			);
			runOnlyForDeploymentPostprocessing = 0;
		};
/* End PBXFrameworksBuildPhase section */

/* Begin PBXGroup section */
		93E9AED32CB3CAFF006AA91D /* Models */ = {
			isa = PBXGroup;
			children = (
				93E9AED42CB3CB14006AA91D /* PostModel.swift */,
			);
			path = Models;
			sourceTree = "<group>";
		};
		93E9AED62CB3CB9D006AA91D /* ViewModels */ = {
			isa = PBXGroup;
			children = (
				93E9AED72CB3CBDA006AA91D /* PostsViewModel.swift */,
			);
			path = ViewModels;
			sourceTree = "<group>";
		};
		93E9AED92CB3CCED006AA91D /* Views */ = {
			isa = PBXGroup;
			children = (
				93E9AEDF2CB3CD53006AA91D /* HomeView.swift */,
				93E9AEF62CB3F873006AA91D /* TabBarView.swift */,
				93E9AEF82CB3FFD3006AA91D /* ProfileView.swift */,
			);
			path = Views;
			sourceTree = "<group>";
		};
		93E9AEDC2CB3CD0D006AA91D /* Components */ = {
			isa = PBXGroup;
			children = (
				93E9AEEF2CB3D812006AA91D /* StoryCard */,
				93E9AEE12CB3CDFE006AA91D /* PostCard */,
				93E9AEDD2CB3CD3E006AA91D /* PostListComponent.swift */,
				93E9AEF22CB3D8F7006AA91D /* StoryListComponent.swift */,
				93231CD52CB4749100436560 /* LoaderComponent.swift */,
			);
			path = Components;
			sourceTree = "<group>";
		};
		93E9AEE12CB3CDFE006AA91D /* PostCard */ = {
			isa = PBXGroup;
			children = (
				93E9AEE22CB3CE49006AA91D /* PostCardComponent.swift */,
				93E9AEE42CB3CE56006AA91D /* PostCardHeader.swift */,
				93E9AEE62CB3CE63006AA91D /* PostCardBody.swift */,
			);
			path = PostCard;
			sourceTree = "<group>";
		};
		93E9AEE82CB3CF48006AA91D /* Utils */ = {
			isa = PBXGroup;
			children = (
				93E9AEE92CB3CF53006AA91D /* Extensions */,
			);
			path = Utils;
			sourceTree = "<group>";
		};
		93E9AEE92CB3CF53006AA91D /* Extensions */ = {
			isa = PBXGroup;
			children = (
				93E9AEEA2CB3CF76006AA91D /* ViewExtensions.swift */,
				93E9AEEC2CB3CFCD006AA91D /* IntegerExtensions.swift */,
				93E9AEF42CB3EAC0006AA91D /* ColorExtenstions.swift */,
			);
			path = Extensions;
			sourceTree = "<group>";
		};
		93E9AEEE2CB3D665006AA91D /* Resources */ = {
			isa = PBXGroup;
			children = (
				93E9AED12CB3CABE006AA91D /* posts.json */,
			);
			path = Resources;
			sourceTree = "<group>";
		};
		93E9AEEF2CB3D812006AA91D /* StoryCard */ = {
			isa = PBXGroup;
			children = (
				93E9AEF02CB3D825006AA91D /* StoryCardComponent.swift */,
			);
			path = StoryCard;
			sourceTree = "<group>";
		};
		93FB4FA52CB2CADB00B98F44 = {
			isa = PBXGroup;
			children = (
				93FB4FB02CB2CADB00B98F44 /* Socially */,
				93FB4FAF2CB2CADB00B98F44 /* Products */,
			);
			sourceTree = "<group>";
		};
		93FB4FAF2CB2CADB00B98F44 /* Products */ = {
			isa = PBXGroup;
			children = (
				93FB4FAE2CB2CADB00B98F44 /* Socially.app */,
			);
			name = Products;
			sourceTree = "<group>";
		};
		93FB4FB02CB2CADB00B98F44 /* Socially */ = {
			isa = PBXGroup;
			children = (
				93E9AEEE2CB3D665006AA91D /* Resources */,
				93E9AEE82CB3CF48006AA91D /* Utils */,
				93E9AEDC2CB3CD0D006AA91D /* Components */,
				93E9AED92CB3CCED006AA91D /* Views */,
				93E9AED62CB3CB9D006AA91D /* ViewModels */,
				93E9AED32CB3CAFF006AA91D /* Models */,
				93FB4FB12CB2CADB00B98F44 /* SociallyApp.swift */,
				93FB4FB32CB2CADB00B98F44 /* ContentView.swift */,
				93FB4FB52CB2CADD00B98F44 /* Assets.xcassets */,
				93FB4FB72CB2CADD00B98F44 /* Preview Content */,
			);
			path = Socially;
			sourceTree = "<group>";
		};
		93FB4FB72CB2CADD00B98F44 /* Preview Content */ = {
			isa = PBXGroup;
			children = (
				93FB4FB82CB2CADD00B98F44 /* Preview Assets.xcassets */,
			);
			path = "Preview Content";
			sourceTree = "<group>";
		};
/* End PBXGroup section */

/* Begin PBXNativeTarget section */
		93FB4FAD2CB2CADB00B98F44 /* Socially */ = {
			isa = PBXNativeTarget;
			buildConfigurationList = 93FB4FBC2CB2CADD00B98F44 /* Build configuration list for PBXNativeTarget "Socially" */;
			buildPhases = (
				93FB4FAA2CB2CADB00B98F44 /* Sources */,
				93FB4FAB2CB2CADB00B98F44 /* Frameworks */,
				93FB4FAC2CB2CADB00B98F44 /* Resources */,
			);
			buildRules = (
			);
			dependencies = (
			);
			name = Socially;
			productName = Socially;
			productReference = 93FB4FAE2CB2CADB00B98F44 /* Socially.app */;
			productType = "com.apple.product-type.application";
		};
/* End PBXNativeTarget section */

/* Begin PBXProject section */
		93FB4FA62CB2CADB00B98F44 /* Project object */ = {
			isa = PBXProject;
			attributes = {
				BuildIndependentTargetsInParallel = 1;
				LastSwiftUpdateCheck = 1520;
				LastUpgradeCheck = 1520;
				TargetAttributes = {
					93FB4FAD2CB2CADB00B98F44 = {
						CreatedOnToolsVersion = 15.2;
					};
				};
			};
			buildConfigurationList = 93FB4FA92CB2CADB00B98F44 /* Build configuration list for PBXProject "Socially" */;
			compatibilityVersion = "Xcode 14.0";
			developmentRegion = en;
			hasScannedForEncodings = 0;
			knownRegions = (
				en,
				Base,
			);
			mainGroup = 93FB4FA52CB2CADB00B98F44;
			productRefGroup = 93FB4FAF2CB2CADB00B98F44 /* Products */;
			projectDirPath = "";
			projectRoot = "";
			targets = (
				93FB4FAD2CB2CADB00B98F44 /* Socially */,
			);
		};
/* End PBXProject section */

/* Begin PBXResourcesBuildPhase section */
		93FB4FAC2CB2CADB00B98F44 /* Resources */ = {
			isa = PBXResourcesBuildPhase;
			buildActionMask = 2147483647;
			files = (
				93FB4FB92CB2CADD00B98F44 /* Preview Assets.xcassets in Resources */,
				93E9AED22CB3CABE006AA91D /* posts.json in Resources */,
				93FB4FB62CB2CADD00B98F44 /* Assets.xcassets in Resources */,
			);
			runOnlyForDeploymentPostprocessing = 0;
		};
/* End PBXResourcesBuildPhase section */

/* Begin PBXSourcesBuildPhase section */
		93FB4FAA2CB2CADB00B98F44 /* Sources */ = {
			isa = PBXSourcesBuildPhase;
			buildActionMask = 2147483647;
			files = (
				93E9AEE52CB3CE56006AA91D /* PostCardHeader.swift in Sources */,
				93E9AEF12CB3D825006AA91D /* StoryCardComponent.swift in Sources */,
				93E9AEE32CB3CE49006AA91D /* PostCardComponent.swift in Sources */,
				93E9AEED2CB3CFCD006AA91D /* IntegerExtensions.swift in Sources */,
				93E9AED82CB3CBDA006AA91D /* PostsViewModel.swift in Sources */,
				93231CD62CB4749100436560 /* LoaderComponent.swift in Sources */,
				93E9AEE72CB3CE63006AA91D /* PostCardBody.swift in Sources */,
				93FB4FB42CB2CADB00B98F44 /* ContentView.swift in Sources */,
				93E9AEF32CB3D8F7006AA91D /* StoryListComponent.swift in Sources */,
				93E9AEF92CB3FFD3006AA91D /* ProfileView.swift in Sources */,
				93E9AED52CB3CB14006AA91D /* PostModel.swift in Sources */,
				93E9AEE02CB3CD53006AA91D /* HomeView.swift in Sources */,
				93FB4FB22CB2CADB00B98F44 /* SociallyApp.swift in Sources */,
				93E9AEEB2CB3CF76006AA91D /* ViewExtensions.swift in Sources */,
				93E9AEF52CB3EAC0006AA91D /* ColorExtenstions.swift in Sources */,
				93E9AEF72CB3F873006AA91D /* TabBarView.swift in Sources */,
				93E9AEDE2CB3CD3E006AA91D /* PostListComponent.swift in Sources */,
			);
			runOnlyForDeploymentPostprocessing = 0;
		};
/* End PBXSourcesBuildPhase section */

/* Begin XCBuildConfiguration section */
		93FB4FBA2CB2CADD00B98F44 /* Debug */ = {
			isa = XCBuildConfiguration;
			buildSettings = {
				ALWAYS_SEARCH_USER_PATHS = NO;
				ASSETCATALOG_COMPILER_GENERATE_SWIFT_ASSET_SYMBOL_EXTENSIONS = YES;
				CLANG_ANALYZER_NONNULL = YES;
				CLANG_ANALYZER_NUMBER_OBJECT_CONVERSION = YES_AGGRESSIVE;
				CLANG_CXX_LANGUAGE_STANDARD = "gnu++20";
				CLANG_ENABLE_MODULES = YES;
				CLANG_ENABLE_OBJC_ARC = YES;
				CLANG_ENABLE_OBJC_WEAK = YES;
				CLANG_WARN_BLOCK_CAPTURE_AUTORELEASING = YES;
				CLANG_WARN_BOOL_CONVERSION = YES;
				CLANG_WARN_COMMA = YES;
				CLANG_WARN_CONSTANT_CONVERSION = YES;
				CLANG_WARN_DEPRECATED_OBJC_IMPLEMENTATIONS = YES;
				CLANG_WARN_DIRECT_OBJC_ISA_USAGE = YES_ERROR;
				CLANG_WARN_DOCUMENTATION_COMMENTS = YES;
				CLANG_WARN_EMPTY_BODY = YES;
				CLANG_WARN_ENUM_CONVERSION = YES;
				CLANG_WARN_INFINITE_RECURSION = YES;
				CLANG_WARN_INT_CONVERSION = YES;
				CLANG_WARN_NON_LITERAL_NULL_CONVERSION = YES;
				CLANG_WARN_OBJC_IMPLICIT_RETAIN_SELF = YES;
				CLANG_WARN_OBJC_LITERAL_CONVERSION = YES;
				CLANG_WARN_OBJC_ROOT_CLASS = YES_ERROR;
				CLANG_WARN_QUOTED_INCLUDE_IN_FRAMEWORK_HEADER = YES;
				CLANG_WARN_RANGE_LOOP_ANALYSIS = YES;
				CLANG_WARN_STRICT_PROTOTYPES = YES;
				CLANG_WARN_SUSPICIOUS_MOVE = YES;
				CLANG_WARN_UNGUARDED_AVAILABILITY = YES_AGGRESSIVE;
				CLANG_WARN_UNREACHABLE_CODE = YES;
				CLANG_WARN__DUPLICATE_METHOD_MATCH = YES;
				COPY_PHASE_STRIP = NO;
				DEBUG_INFORMATION_FORMAT = dwarf;
				ENABLE_STRICT_OBJC_MSGSEND = YES;
				ENABLE_TESTABILITY = YES;
				ENABLE_USER_SCRIPT_SANDBOXING = YES;
				GCC_C_LANGUAGE_STANDARD = gnu17;
				GCC_DYNAMIC_NO_PIC = NO;
				GCC_NO_COMMON_BLOCKS = YES;
				GCC_OPTIMIZATION_LEVEL = 0;
				GCC_PREPROCESSOR_DEFINITIONS = (
					"DEBUG=1",
					"$(inherited)",
				);
				GCC_WARN_64_TO_32_BIT_CONVERSION = YES;
				GCC_WARN_ABOUT_RETURN_TYPE = YES_ERROR;
				GCC_WARN_UNDECLARED_SELECTOR = YES;
				GCC_WARN_UNINITIALIZED_AUTOS = YES_AGGRESSIVE;
				GCC_WARN_UNUSED_FUNCTION = YES;
				GCC_WARN_UNUSED_VARIABLE = YES;
				IPHONEOS_DEPLOYMENT_TARGET = 17.2;
				LOCALIZATION_PREFERS_STRING_CATALOGS = YES;
				MTL_ENABLE_DEBUG_INFO = INCLUDE_SOURCE;
				MTL_FAST_MATH = YES;
				ONLY_ACTIVE_ARCH = YES;
				SDKROOT = iphoneos;
				SWIFT_ACTIVE_COMPILATION_CONDITIONS = "DEBUG $(inherited)";
				SWIFT_OPTIMIZATION_LEVEL = "-Onone";
			};
			name = Debug;
		};
		93FB4FBB2CB2CADD00B98F44 /* Release */ = {
			isa = XCBuildConfiguration;
			buildSettings = {
				ALWAYS_SEARCH_USER_PATHS = NO;
				ASSETCATALOG_COMPILER_GENERATE_SWIFT_ASSET_SYMBOL_EXTENSIONS = YES;
				CLANG_ANALYZER_NONNULL = YES;
				CLANG_ANALYZER_NUMBER_OBJECT_CONVERSION = YES_AGGRESSIVE;
				CLANG_CXX_LANGUAGE_STANDARD = "gnu++20";
				CLANG_ENABLE_MODULES = YES;
				CLANG_ENABLE_OBJC_ARC = YES;
				CLANG_ENABLE_OBJC_WEAK = YES;
				CLANG_WARN_BLOCK_CAPTURE_AUTORELEASING = YES;
				CLANG_WARN_BOOL_CONVERSION = YES;
				CLANG_WARN_COMMA = YES;
				CLANG_WARN_CONSTANT_CONVERSION = YES;
				CLANG_WARN_DEPRECATED_OBJC_IMPLEMENTATIONS = YES;
				CLANG_WARN_DIRECT_OBJC_ISA_USAGE = YES_ERROR;
				CLANG_WARN_DOCUMENTATION_COMMENTS = YES;
				CLANG_WARN_EMPTY_BODY = YES;
				CLANG_WARN_ENUM_CONVERSION = YES;
				CLANG_WARN_INFINITE_RECURSION = YES;
				CLANG_WARN_INT_CONVERSION = YES;
				CLANG_WARN_NON_LITERAL_NULL_CONVERSION = YES;
				CLANG_WARN_OBJC_IMPLICIT_RETAIN_SELF = YES;
				CLANG_WARN_OBJC_LITERAL_CONVERSION = YES;
				CLANG_WARN_OBJC_ROOT_CLASS = YES_ERROR;
				CLANG_WARN_QUOTED_INCLUDE_IN_FRAMEWORK_HEADER = YES;
				CLANG_WARN_RANGE_LOOP_ANALYSIS = YES;
				CLANG_WARN_STRICT_PROTOTYPES = YES;
				CLANG_WARN_SUSPICIOUS_MOVE = YES;
				CLANG_WARN_UNGUARDED_AVAILABILITY = YES_AGGRESSIVE;
				CLANG_WARN_UNREACHABLE_CODE = YES;
				CLANG_WARN__DUPLICATE_METHOD_MATCH = YES;
				COPY_PHASE_STRIP = NO;
				DEBUG_INFORMATION_FORMAT = "dwarf-with-dsym";
				ENABLE_NS_ASSERTIONS = NO;
				ENABLE_STRICT_OBJC_MSGSEND = YES;
				ENABLE_USER_SCRIPT_SANDBOXING = YES;
				GCC_C_LANGUAGE_STANDARD = gnu17;
				GCC_NO_COMMON_BLOCKS = YES;
				GCC_WARN_64_TO_32_BIT_CONVERSION = YES;
				GCC_WARN_ABOUT_RETURN_TYPE = YES_ERROR;
				GCC_WARN_UNDECLARED_SELECTOR = YES;
				GCC_WARN_UNINITIALIZED_AUTOS = YES_AGGRESSIVE;
				GCC_WARN_UNUSED_FUNCTION = YES;
				GCC_WARN_UNUSED_VARIABLE = YES;
				IPHONEOS_DEPLOYMENT_TARGET = 17.2;
				LOCALIZATION_PREFERS_STRING_CATALOGS = YES;
				MTL_ENABLE_DEBUG_INFO = NO;
				MTL_FAST_MATH = YES;
				SDKROOT = iphoneos;
				SWIFT_COMPILATION_MODE = wholemodule;
				VALIDATE_PRODUCT = YES;
			};
			name = Release;
		};
		93FB4FBD2CB2CADD00B98F44 /* Debug */ = {
			isa = XCBuildConfiguration;
			buildSettings = {
				ASSETCATALOG_COMPILER_APPICON_NAME = AppIcon;
				ASSETCATALOG_COMPILER_GLOBAL_ACCENT_COLOR_NAME = AccentColor;
				CODE_SIGN_STYLE = Automatic;
				CURRENT_PROJECT_VERSION = 1;
				DEVELOPMENT_ASSET_PATHS = "\"Socially/Preview Content\"";
				ENABLE_PREVIEWS = YES;
				GENERATE_INFOPLIST_FILE = YES;
				INFOPLIST_KEY_UIApplicationSceneManifest_Generation = YES;
				INFOPLIST_KEY_UIApplicationSupportsIndirectInputEvents = YES;
				INFOPLIST_KEY_UILaunchScreen_Generation = YES;
				INFOPLIST_KEY_UISupportedInterfaceOrientations_iPad = "UIInterfaceOrientationPortrait UIInterfaceOrientationPortraitUpsideDown UIInterfaceOrientationLandscapeLeft UIInterfaceOrientationLandscapeRight";
				INFOPLIST_KEY_UISupportedInterfaceOrientations_iPhone = "UIInterfaceOrientationPortrait UIInterfaceOrientationLandscapeLeft UIInterfaceOrientationLandscapeRight";
				LD_RUNPATH_SEARCH_PATHS = (
					"$(inherited)",
					"@executable_path/Frameworks",
				);
				MARKETING_VERSION = 1.0;
				PRODUCT_BUNDLE_IDENTIFIER = com.irsc.Socially;
				PRODUCT_NAME = "$(TARGET_NAME)";
				SWIFT_EMIT_LOC_STRINGS = YES;
				SWIFT_VERSION = 5.0;
				TARGETED_DEVICE_FAMILY = "1,2";
			};
			name = Debug;
		};
		93FB4FBE2CB2CADD00B98F44 /* Release */ = {
			isa = XCBuildConfiguration;
			buildSettings = {
				ASSETCATALOG_COMPILER_APPICON_NAME = AppIcon;
				ASSETCATALOG_COMPILER_GLOBAL_ACCENT_COLOR_NAME = AccentColor;
				CODE_SIGN_STYLE = Automatic;
				CURRENT_PROJECT_VERSION = 1;
				DEVELOPMENT_ASSET_PATHS = "\"Socially/Preview Content\"";
				ENABLE_PREVIEWS = YES;
				GENERATE_INFOPLIST_FILE = YES;
				INFOPLIST_KEY_UIApplicationSceneManifest_Generation = YES;
				INFOPLIST_KEY_UIApplicationSupportsIndirectInputEvents = YES;
				INFOPLIST_KEY_UILaunchScreen_Generation = YES;
				INFOPLIST_KEY_UISupportedInterfaceOrientations_iPad = "UIInterfaceOrientationPortrait UIInterfaceOrientationPortraitUpsideDown UIInterfaceOrientationLandscapeLeft UIInterfaceOrientationLandscapeRight";
				INFOPLIST_KEY_UISupportedInterfaceOrientations_iPhone = "UIInterfaceOrientationPortrait UIInterfaceOrientationLandscapeLeft UIInterfaceOrientationLandscapeRight";
				LD_RUNPATH_SEARCH_PATHS = (
					"$(inherited)",
					"@executable_path/Frameworks",
				);
				MARKETING_VERSION = 1.0;
				PRODUCT_BUNDLE_IDENTIFIER = com.irsc.Socially;
				PRODUCT_NAME = "$(TARGET_NAME)";
				SWIFT_EMIT_LOC_STRINGS = YES;
				SWIFT_VERSION = 5.0;
				TARGETED_DEVICE_FAMILY = "1,2";
			};
			name = Release;
		};
/* End XCBuildConfiguration section */

/* Begin XCConfigurationList section */
		93FB4FA92CB2CADB00B98F44 /* Build configuration list for PBXProject "Socially" */ = {
			isa = XCConfigurationList;
			buildConfigurations = (
				93FB4FBA2CB2CADD00B98F44 /* Debug */,
				93FB4FBB2CB2CADD00B98F44 /* Release */,
			);
			defaultConfigurationIsVisible = 0;
			defaultConfigurationName = Release;
		};
		93FB4FBC2CB2CADD00B98F44 /* Build configuration list for PBXNativeTarget "Socially" */ = {
			isa = XCConfigurationList;
			buildConfigurations = (
				93FB4FBD2CB2CADD00B98F44 /* Debug */,
				93FB4FBE2CB2CADD00B98F44 /* Release */,
			);
			defaultConfigurationIsVisible = 0;
			defaultConfigurationName = Release;
		};
/* End XCConfigurationList section */
	};
	rootObject = 93FB4FA62CB2CADB00B98F44 /* Project object */;
}
